# @generated by Move, please check-in and do not edit manually.

[move]
version = 2
manifest_digest = "313184711F65338A9F439D9CC0C4345D63A3088F078770A65F70E26324387FCC"
deps_digest = "3C4103934B1E040BB6B23F1D610B4EF9F2F1166A50A104EADCF77467C004C600"
dependencies = [
  { name = "Sui" },
  { name = "bridge" },
]

[[move.package]]
name = "MoveStdlib"
source = { git = "https://github.com/MystenLabs/sui.git", rev = "framework/testnet", subdir = "crates/sui-framework/packages/move-stdlib" }

[[move.package]]
name = "Sui"
source = { git = "https://github.com/MystenLabs/sui.git", rev = "framework/testnet", subdir = "crates/sui-framework/packages/sui-framework" }

dependencies = [
  { name = "MoveStdlib" },
]

[[move.package]]
name = "bridge"
source = { git = "https://github.com/0xGoenka/bridge_move", rev = "main", subdir = "" }

dependencies = [
  { name = "Sui" },
]

[move.toolchain-version]
compiler-version = "1.30.1"
edition = "2024.beta"
flavor = "sui"

[env]

[env.testnet]
chain-id = "4c78adac"
original-published-id = "0xd4a7c4dc83bad0bcb955a3d1d1948209370b9ec53bc0c607414b493ac97dc573"
latest-published-id = "0xd4a7c4dc83bad0bcb955a3d1d1948209370b9ec53bc0c607414b493ac97dc573"
published-version = "1"
